
Microsoft Visual Studio Solution File, Format Version 12.00
# Visual Studio Version 16
VisualStudioVersion = 16.0.30320.27
MinimumVisualStudioVersion = 10.0.40219.1
Project("{FAE04EC0-301F-11D3-BF4B-00C04F79EFBC}") = "Bike Shop", "Bike Shop\Bike Shop.csproj", "{3B69DB7B-6FC9-4C58-979A-BE8B65FB7EE9}"
EndProject
Global
	GlobalSection(SolutionConfigurationPlatforms) = preSolution
		Debug|Any CPU = Debug|Any CPU
		Release|Any CPU = Release|Any CPU
	EndGlobalSection
	GlobalSection(ProjectConfigurationPlatforms) = postSolution
		{3B69DB7B-6FC9-4C58-979A-BE8B65FB7EE9}.Debug|Any CPU.ActiveCfg = Debug|Any CPU
		{3B69DB7B-6FC9-4C58-979A-BE8B65FB7EE9}.Debug|Any CPU.Build.0 = Debug|Any CPU
		{3B69DB7B-6FC9-4C58-979A-BE8B65FB7EE9}.Release|Any CPU.ActiveCfg = Release|Any CPU
		{3B69DB7B-6FC9-4C58-979A-BE8B65FB7EE9}.Release|Any CPU.Build.0 = Release|Any CPU
	EndGlobalSection
	GlobalSection(SolutionProperties) = preSolution
		HideSolutionNode = FALSE
	EndGlobalSection
	GlobalSection(ExtensibilityGlobals) = postSolution
		SolutionGuid = {999FD861-1DBB-44E8-BED6-31A782683948}
	EndGlobalSection
EndGlobal
